
Microsoft Visual Studio Solution File, Format Version 12.00
Project("{FAE04EC0-301F-11D3-BF4B-00C04F79EFBC}") = "SumMatrixElements", "SumMatrixElements\SumMatrixElements.csproj", "{3AF94970-DE46-49DE-96A2-5DE4E2217830}"
EndProject
Project("{FAE04EC0-301F-11D3-BF4B-00C04F79EFBC}") = "SumMatrixColumns", "SumMatrixColumns\SumMatrixColumns.csproj", "{B9EB283B-A656-436E-8136-A9E18ED1FCB1}"
EndProject
Project("{FAE04EC0-301F-11D3-BF4B-00C04F79EFBC}") = "PrimaryDiagonal", "PrimaryDiagonal\PrimaryDiagonal.csproj", "{8275D25A-42F5-446D-983B-0231A75AA00E}"
EndProject
Global
	GlobalSection(SolutionConfigurationPlatforms) = preSolution
		Debug|Any CPU = Debug|Any CPU
		Release|Any CPU = Release|Any CPU
	EndGlobalSection
	GlobalSection(ProjectConfigurationPlatforms) = postSolution
		{3AF94970-DE46-49DE-96A2-5DE4E2217830}.Debug|Any CPU.ActiveCfg = Debug|Any CPU
		{3AF94970-DE46-49DE-96A2-5DE4E2217830}.Debug|Any CPU.Build.0 = Debug|Any CPU
		{3AF94970-DE46-49DE-96A2-5DE4E2217830}.Release|Any CPU.ActiveCfg = Release|Any CPU
		{3AF94970-DE46-49DE-96A2-5DE4E2217830}.Release|Any CPU.Build.0 = Release|Any CPU
		{B9EB283B-A656-436E-8136-A9E18ED1FCB1}.Debug|Any CPU.ActiveCfg = Debug|Any CPU
		{B9EB283B-A656-436E-8136-A9E18ED1FCB1}.Debug|Any CPU.Build.0 = Debug|Any CPU
		{B9EB283B-A656-436E-8136-A9E18ED1FCB1}.Release|Any CPU.ActiveCfg = Release|Any CPU
		{B9EB283B-A656-436E-8136-A9E18ED1FCB1}.Release|Any CPU.Build.0 = Release|Any CPU
		{8275D25A-42F5-446D-983B-0231A75AA00E}.Debug|Any CPU.ActiveCfg = Debug|Any CPU
		{8275D25A-42F5-446D-983B-0231A75AA00E}.Debug|Any CPU.Build.0 = Debug|Any CPU
		{8275D25A-42F5-446D-983B-0231A75AA00E}.Release|Any CPU.ActiveCfg = Release|Any CPU
		{8275D25A-42F5-446D-983B-0231A75AA00E}.Release|Any CPU.Build.0 = Release|Any CPU
	EndGlobalSection
EndGlobal
