
Microsoft Visual Studio Solution File, Format Version 12.00
Project("{FAE04EC0-301F-11D3-BF4B-00C04F79EFBC}") = "ActionPrint", "ActionPrint\ActionPrint.csproj", "{7DE5D045-0AE9-4FA9-80A6-BDE10FB41F74}"
EndProject
Project("{FAE04EC0-301F-11D3-BF4B-00C04F79EFBC}") = "KnightsOfHonor", "KnightsOfHonor\KnightsOfHonor.csproj", "{37AA6DBA-9077-460D-9F8B-97EFFC7CD564}"
EndProject
Global
	GlobalSection(SolutionConfigurationPlatforms) = preSolution
		Debug|Any CPU = Debug|Any CPU
		Release|Any CPU = Release|Any CPU
	EndGlobalSection
	GlobalSection(ProjectConfigurationPlatforms) = postSolution
		{7DE5D045-0AE9-4FA9-80A6-BDE10FB41F74}.Debug|Any CPU.ActiveCfg = Debug|Any CPU
		{7DE5D045-0AE9-4FA9-80A6-BDE10FB41F74}.Debug|Any CPU.Build.0 = Debug|Any CPU
		{7DE5D045-0AE9-4FA9-80A6-BDE10FB41F74}.Release|Any CPU.ActiveCfg = Release|Any CPU
		{7DE5D045-0AE9-4FA9-80A6-BDE10FB41F74}.Release|Any CPU.Build.0 = Release|Any CPU
		{37AA6DBA-9077-460D-9F8B-97EFFC7CD564}.Debug|Any CPU.ActiveCfg = Debug|Any CPU
		{37AA6DBA-9077-460D-9F8B-97EFFC7CD564}.Debug|Any CPU.Build.0 = Debug|Any CPU
		{37AA6DBA-9077-460D-9F8B-97EFFC7CD564}.Release|Any CPU.ActiveCfg = Release|Any CPU
		{37AA6DBA-9077-460D-9F8B-97EFFC7CD564}.Release|Any CPU.Build.0 = Release|Any CPU
	EndGlobalSection
EndGlobal
